
Microsoft Visual Studio Solution File, Format Version 12.00
# Visual Studio Version 16
VisualStudioVersion = 16.0.32228.343
MinimumVisualStudioVersion = 10.0.40219.1
Project("{FAE04EC0-301F-11D3-BF4B-00C04F79EFBC}") = "BowlingGame", "BowlingGame\BowlingGame.csproj", "{49A4CE44-D3A3-4C9B-A613-4D41A17A8091}"
EndProject
Project("{FAE04EC0-301F-11D3-BF4B-00C04F79EFBC}") = "BowlingGameTest", "BowlingGameTest\BowlingGameTest.csproj", "{7E9C772B-7994-4B8E-AA40-BADCEAB900CB}"
EndProject
Global
	GlobalSection(SolutionConfigurationPlatforms) = preSolution
		Debug|Any CPU = Debug|Any CPU
		Release|Any CPU = Release|Any CPU
	EndGlobalSection
	GlobalSection(ProjectConfigurationPlatforms) = postSolution
		{49A4CE44-D3A3-4C9B-A613-4D41A17A8091}.Debug|Any CPU.ActiveCfg = Debug|Any CPU
		{49A4CE44-D3A3-4C9B-A613-4D41A17A8091}.Debug|Any CPU.Build.0 = Debug|Any CPU
		{49A4CE44-D3A3-4C9B-A613-4D41A17A8091}.Release|Any CPU.ActiveCfg = Release|Any CPU
		{49A4CE44-D3A3-4C9B-A613-4D41A17A8091}.Release|Any CPU.Build.0 = Release|Any CPU
		{7E9C772B-7994-4B8E-AA40-BADCEAB900CB}.Debug|Any CPU.ActiveCfg = Debug|Any CPU
		{7E9C772B-7994-4B8E-AA40-BADCEAB900CB}.Debug|Any CPU.Build.0 = Debug|Any CPU
		{7E9C772B-7994-4B8E-AA40-BADCEAB900CB}.Release|Any CPU.ActiveCfg = Release|Any CPU
		{7E9C772B-7994-4B8E-AA40-BADCEAB900CB}.Release|Any CPU.Build.0 = Release|Any CPU
	EndGlobalSection
	GlobalSection(SolutionProperties) = preSolution
		HideSolutionNode = FALSE
	EndGlobalSection
	GlobalSection(ExtensibilityGlobals) = postSolution
		SolutionGuid = {36E56172-B5E6-4BAD-B095-A49AFBF55808}
	EndGlobalSection
EndGlobal
